{
  "name": "http",
  "lockfileVersion": 2,
  "requires": true,
  "packages": {
    "": {
      "dependencies": {
        "rice": "^0.0.0"
      }
    },
    "node_modules/rice": {
      "version": "0.0.0",
      "resolved": "https://registry.npmjs.org/rice/-/rice-0.0.0.tgz",
      "integrity": "sha512-N3vbT6bX+lbu5BN5X+w6jpp0w7wzUJ9vwqvgxX4ftNAkIlk0Jr2pMLXjCKO4T2wIZVH3ISGx/924TId0WcKwXQ=="
    }
  },
  "dependencies": {
    "rice": {
      "version": "0.0.0",
      "resolved": "https://registry.npmjs.org/rice/-/rice-0.0.0.tgz",
      "integrity": "sha512-N3vbT6bX+lbu5BN5X+w6jpp0w7wzUJ9vwqvgxX4ftNAkIlk0Jr2pMLXjCKO4T2wIZVH3ISGx/924TId0WcKwXQ=="
    }
  }
}
